
Microsoft Visual Studio Solution File, Format Version 12.00
# Visual Studio 15
VisualStudioVersion = 15.0.27004.2005
MinimumVisualStudioVersion = 10.0.40219.1
Project("{FAE04EC0-301F-11D3-BF4B-00C04F79EFBC}") = "FootballSimulator", "FootballSimulator\FootballSimulator.csproj", "{8B5B2B61-8259-48DB-AF70-5085912F5596}"
EndProject
Project("{FAE04EC0-301F-11D3-BF4B-00C04F79EFBC}") = "FootballSimulator.Tests", "FootballSimulator.Tests\FootballSimulator.Tests.csproj", "{3CDE3E8F-2E4D-4D13-94CD-89E9AE1FDF6F}"
EndProject
Global
	GlobalSection(SolutionConfigurationPlatforms) = preSolution
		Debug|Any CPU = Debug|Any CPU
		Debug|ARM = Debug|ARM
		Debug|x64 = Debug|x64
		Debug|x86 = Debug|x86
		Release|Any CPU = Release|Any CPU
		Release|ARM = Release|ARM
		Release|x64 = Release|x64
		Release|x86 = Release|x86
	EndGlobalSection
	GlobalSection(ProjectConfigurationPlatforms) = postSolution
		{8B5B2B61-8259-48DB-AF70-5085912F5596}.Debug|Any CPU.ActiveCfg = Debug|x86
		{8B5B2B61-8259-48DB-AF70-5085912F5596}.Debug|ARM.ActiveCfg = Debug|ARM
		{8B5B2B61-8259-48DB-AF70-5085912F5596}.Debug|ARM.Build.0 = Debug|ARM
		{8B5B2B61-8259-48DB-AF70-5085912F5596}.Debug|ARM.Deploy.0 = Debug|ARM
		{8B5B2B61-8259-48DB-AF70-5085912F5596}.Debug|x64.ActiveCfg = Debug|x64
		{8B5B2B61-8259-48DB-AF70-5085912F5596}.Debug|x64.Build.0 = Debug|x64
		{8B5B2B61-8259-48DB-AF70-5085912F5596}.Debug|x64.Deploy.0 = Debug|x64
		{8B5B2B61-8259-48DB-AF70-5085912F5596}.Debug|x86.ActiveCfg = Debug|x86
		{8B5B2B61-8259-48DB-AF70-5085912F5596}.Debug|x86.Build.0 = Debug|x86
		{8B5B2B61-8259-48DB-AF70-5085912F5596}.Debug|x86.Deploy.0 = Debug|x86
		{8B5B2B61-8259-48DB-AF70-5085912F5596}.Release|Any CPU.ActiveCfg = Release|x86
		{8B5B2B61-8259-48DB-AF70-5085912F5596}.Release|ARM.ActiveCfg = Release|ARM
		{8B5B2B61-8259-48DB-AF70-5085912F5596}.Release|ARM.Build.0 = Release|ARM
		{8B5B2B61-8259-48DB-AF70-5085912F5596}.Release|ARM.Deploy.0 = Release|ARM
		{8B5B2B61-8259-48DB-AF70-5085912F5596}.Release|x64.ActiveCfg = Release|x64
		{8B5B2B61-8259-48DB-AF70-5085912F5596}.Release|x64.Build.0 = Release|x64
		{8B5B2B61-8259-48DB-AF70-5085912F5596}.Release|x64.Deploy.0 = Release|x64
		{8B5B2B61-8259-48DB-AF70-5085912F5596}.Release|x86.ActiveCfg = Release|x86
		{8B5B2B61-8259-48DB-AF70-5085912F5596}.Release|x86.Build.0 = Release|x86
		{8B5B2B61-8259-48DB-AF70-5085912F5596}.Release|x86.Deploy.0 = Release|x86
		{3CDE3E8F-2E4D-4D13-94CD-89E9AE1FDF6F}.Debug|Any CPU.ActiveCfg = Debug|x86
		{3CDE3E8F-2E4D-4D13-94CD-89E9AE1FDF6F}.Debug|ARM.ActiveCfg = Debug|ARM
		{3CDE3E8F-2E4D-4D13-94CD-89E9AE1FDF6F}.Debug|ARM.Build.0 = Debug|ARM
		{3CDE3E8F-2E4D-4D13-94CD-89E9AE1FDF6F}.Debug|ARM.Deploy.0 = Debug|ARM
		{3CDE3E8F-2E4D-4D13-94CD-89E9AE1FDF6F}.Debug|x64.ActiveCfg = Debug|x64
		{3CDE3E8F-2E4D-4D13-94CD-89E9AE1FDF6F}.Debug|x64.Build.0 = Debug|x64
		{3CDE3E8F-2E4D-4D13-94CD-89E9AE1FDF6F}.Debug|x64.Deploy.0 = Debug|x64
		{3CDE3E8F-2E4D-4D13-94CD-89E9AE1FDF6F}.Debug|x86.ActiveCfg = Debug|x86
		{3CDE3E8F-2E4D-4D13-94CD-89E9AE1FDF6F}.Debug|x86.Build.0 = Debug|x86
		{3CDE3E8F-2E4D-4D13-94CD-89E9AE1FDF6F}.Debug|x86.Deploy.0 = Debug|x86
		{3CDE3E8F-2E4D-4D13-94CD-89E9AE1FDF6F}.Release|Any CPU.ActiveCfg = Release|x86
		{3CDE3E8F-2E4D-4D13-94CD-89E9AE1FDF6F}.Release|ARM.ActiveCfg = Release|ARM
		{3CDE3E8F-2E4D-4D13-94CD-89E9AE1FDF6F}.Release|ARM.Build.0 = Release|ARM
		{3CDE3E8F-2E4D-4D13-94CD-89E9AE1FDF6F}.Release|ARM.Deploy.0 = Release|ARM
		{3CDE3E8F-2E4D-4D13-94CD-89E9AE1FDF6F}.Release|x64.ActiveCfg = Release|x64
		{3CDE3E8F-2E4D-4D13-94CD-89E9AE1FDF6F}.Release|x64.Build.0 = Release|x64
		{3CDE3E8F-2E4D-4D13-94CD-89E9AE1FDF6F}.Release|x64.Deploy.0 = Release|x64
		{3CDE3E8F-2E4D-4D13-94CD-89E9AE1FDF6F}.Release|x86.ActiveCfg = Release|x86
		{3CDE3E8F-2E4D-4D13-94CD-89E9AE1FDF6F}.Release|x86.Build.0 = Release|x86
		{3CDE3E8F-2E4D-4D13-94CD-89E9AE1FDF6F}.Release|x86.Deploy.0 = Release|x86
	EndGlobalSection
	GlobalSection(SolutionProperties) = preSolution
		HideSolutionNode = FALSE
	EndGlobalSection
	GlobalSection(ExtensibilityGlobals) = postSolution
		SolutionGuid = {78124FB7-D950-4316-8692-A3CAD382C5F2}
	EndGlobalSection
EndGlobal
